
Microsoft Visual Studio Solution File, Format Version 12.00
# Visual Studio Version 16
VisualStudioVersion = 16.0.32630.194
MinimumVisualStudioVersion = 10.0.40219.1
Project("{FAE04EC0-301F-11D3-BF4B-00C04F79EFBC}") = "№1_Calc", "Dz_9\№1_Calc.csproj", "{741DEE59-82CA-4507-8A29-4C28A5DD0383}"
EndProject
Global
	GlobalSection(SolutionConfigurationPlatforms) = preSolution
		Debug|Any CPU = Debug|Any CPU
		Release|Any CPU = Release|Any CPU
	EndGlobalSection
	GlobalSection(ProjectConfigurationPlatforms) = postSolution
		{741DEE59-82CA-4507-8A29-4C28A5DD0383}.Debug|Any CPU.ActiveCfg = Debug|Any CPU
		{741DEE59-82CA-4507-8A29-4C28A5DD0383}.Debug|Any CPU.Build.0 = Debug|Any CPU
		{741DEE59-82CA-4507-8A29-4C28A5DD0383}.Release|Any CPU.ActiveCfg = Release|Any CPU
		{741DEE59-82CA-4507-8A29-4C28A5DD0383}.Release|Any CPU.Build.0 = Release|Any CPU
	EndGlobalSection
	GlobalSection(SolutionProperties) = preSolution
		HideSolutionNode = FALSE
	EndGlobalSection
	GlobalSection(ExtensibilityGlobals) = postSolution
		SolutionGuid = {5589C634-9277-4BCC-8266-F6F66F64D4FD}
	EndGlobalSection
EndGlobal
